
Microsoft Visual Studio Solution File, Format Version 11.00
# Visual Studio 2010
Project("{FAE04EC0-301F-11D3-BF4B-00C04F79EFBC}") = "LinearGradientExercise", "LinearGradientExercise\LinearGradientExercise.csproj", "{424BABEF-48A1-4440-98E5-A74A247BE906}"
EndProject
Project("{FAE04EC0-301F-11D3-BF4B-00C04F79EFBC}") = "LinearGradientExerciseTests", "LinearGradientExerciseTests\LinearGradientExerciseTests.csproj", "{D784A392-4C81-466E-A27C-4B790DF704C8}"
EndProject
Global
	GlobalSection(SolutionConfigurationPlatforms) = preSolution
		Debug|Any CPU = Debug|Any CPU
		Release|Any CPU = Release|Any CPU
	EndGlobalSection
	GlobalSection(ProjectConfigurationPlatforms) = postSolution
		{424BABEF-48A1-4440-98E5-A74A247BE906}.Debug|Any CPU.ActiveCfg = Debug|Any CPU
		{424BABEF-48A1-4440-98E5-A74A247BE906}.Debug|Any CPU.Build.0 = Debug|Any CPU
		{424BABEF-48A1-4440-98E5-A74A247BE906}.Release|Any CPU.ActiveCfg = Release|Any CPU
		{424BABEF-48A1-4440-98E5-A74A247BE906}.Release|Any CPU.Build.0 = Release|Any CPU
		{D784A392-4C81-466E-A27C-4B790DF704C8}.Debug|Any CPU.ActiveCfg = Debug|Any CPU
		{D784A392-4C81-466E-A27C-4B790DF704C8}.Debug|Any CPU.Build.0 = Debug|Any CPU
		{D784A392-4C81-466E-A27C-4B790DF704C8}.Release|Any CPU.ActiveCfg = Release|Any CPU
		{D784A392-4C81-466E-A27C-4B790DF704C8}.Release|Any CPU.Build.0 = Release|Any CPU
	EndGlobalSection
	GlobalSection(SolutionProperties) = preSolution
		HideSolutionNode = FALSE
	EndGlobalSection
EndGlobal
